
Microsoft Visual Studio Solution File, Format Version 12.00
# Visual Studio 15
VisualStudioVersion = 15.0.26124.0
MinimumVisualStudioVersion = 15.0.26124.0
Project("{FAE04EC0-301F-11D3-BF4B-00C04F79EFBC}") = "FluxoDeCaixa.Domain", "FluxoDeCaixa.Domain\FluxoDeCaixa.Domain.csproj", "{97294CEA-0ADD-4D84-B61C-2026EDAF9C16}"
EndProject
Project("{FAE04EC0-301F-11D3-BF4B-00C04F79EFBC}") = "FluxoDeCaixa.Tests", "FluxoDeCaixa.Tests\FluxoDeCaixa.Tests.csproj", "{2FCEC4FF-CB1B-49FA-A84D-9F19D1D016B0}"
EndProject
Project("{FAE04EC0-301F-11D3-BF4B-00C04F79EFBC}") = "FluxoDeCaixa.Application", "FluxoDeCaixa.Application\FluxoDeCaixa.Application.csproj", "{FF64E690-CC84-42AB-BD72-3A88B5B06E28}"
EndProject
Project("{FAE04EC0-301F-11D3-BF4B-00C04F79EFBC}") = "FluxoDeCaixa.Infrastructure", "FluxoDeCaixa.Infrastructure\FluxoDeCaixa.Infrastructure.csproj", "{007CB475-64B7-42F5-BAEA-E1F42CC43C2B}"
EndProject
Global
	GlobalSection(SolutionConfigurationPlatforms) = preSolution
		Debug|Any CPU = Debug|Any CPU
		Debug|x64 = Debug|x64
		Debug|x86 = Debug|x86
		Release|Any CPU = Release|Any CPU
		Release|x64 = Release|x64
		Release|x86 = Release|x86
	EndGlobalSection
	GlobalSection(SolutionProperties) = preSolution
		HideSolutionNode = FALSE
	EndGlobalSection
	GlobalSection(ProjectConfigurationPlatforms) = postSolution
		{97294CEA-0ADD-4D84-B61C-2026EDAF9C16}.Debug|Any CPU.ActiveCfg = Debug|Any CPU
		{97294CEA-0ADD-4D84-B61C-2026EDAF9C16}.Debug|Any CPU.Build.0 = Debug|Any CPU
		{97294CEA-0ADD-4D84-B61C-2026EDAF9C16}.Debug|x64.ActiveCfg = Debug|Any CPU
		{97294CEA-0ADD-4D84-B61C-2026EDAF9C16}.Debug|x64.Build.0 = Debug|Any CPU
		{97294CEA-0ADD-4D84-B61C-2026EDAF9C16}.Debug|x86.ActiveCfg = Debug|Any CPU
		{97294CEA-0ADD-4D84-B61C-2026EDAF9C16}.Debug|x86.Build.0 = Debug|Any CPU
		{97294CEA-0ADD-4D84-B61C-2026EDAF9C16}.Release|Any CPU.ActiveCfg = Release|Any CPU
		{97294CEA-0ADD-4D84-B61C-2026EDAF9C16}.Release|Any CPU.Build.0 = Release|Any CPU
		{97294CEA-0ADD-4D84-B61C-2026EDAF9C16}.Release|x64.ActiveCfg = Release|Any CPU
		{97294CEA-0ADD-4D84-B61C-2026EDAF9C16}.Release|x64.Build.0 = Release|Any CPU
		{97294CEA-0ADD-4D84-B61C-2026EDAF9C16}.Release|x86.ActiveCfg = Release|Any CPU
		{97294CEA-0ADD-4D84-B61C-2026EDAF9C16}.Release|x86.Build.0 = Release|Any CPU
		{2FCEC4FF-CB1B-49FA-A84D-9F19D1D016B0}.Debug|Any CPU.ActiveCfg = Debug|Any CPU
		{2FCEC4FF-CB1B-49FA-A84D-9F19D1D016B0}.Debug|Any CPU.Build.0 = Debug|Any CPU
		{2FCEC4FF-CB1B-49FA-A84D-9F19D1D016B0}.Debug|x64.ActiveCfg = Debug|Any CPU
		{2FCEC4FF-CB1B-49FA-A84D-9F19D1D016B0}.Debug|x64.Build.0 = Debug|Any CPU
		{2FCEC4FF-CB1B-49FA-A84D-9F19D1D016B0}.Debug|x86.ActiveCfg = Debug|Any CPU
		{2FCEC4FF-CB1B-49FA-A84D-9F19D1D016B0}.Debug|x86.Build.0 = Debug|Any CPU
		{2FCEC4FF-CB1B-49FA-A84D-9F19D1D016B0}.Release|Any CPU.ActiveCfg = Release|Any CPU
		{2FCEC4FF-CB1B-49FA-A84D-9F19D1D016B0}.Release|Any CPU.Build.0 = Release|Any CPU
		{2FCEC4FF-CB1B-49FA-A84D-9F19D1D016B0}.Release|x64.ActiveCfg = Release|Any CPU
		{2FCEC4FF-CB1B-49FA-A84D-9F19D1D016B0}.Release|x64.Build.0 = Release|Any CPU
		{2FCEC4FF-CB1B-49FA-A84D-9F19D1D016B0}.Release|x86.ActiveCfg = Release|Any CPU
		{2FCEC4FF-CB1B-49FA-A84D-9F19D1D016B0}.Release|x86.Build.0 = Release|Any CPU
		{FF64E690-CC84-42AB-BD72-3A88B5B06E28}.Debug|Any CPU.ActiveCfg = Debug|Any CPU
		{FF64E690-CC84-42AB-BD72-3A88B5B06E28}.Debug|Any CPU.Build.0 = Debug|Any CPU
		{FF64E690-CC84-42AB-BD72-3A88B5B06E28}.Debug|x64.ActiveCfg = Debug|Any CPU
		{FF64E690-CC84-42AB-BD72-3A88B5B06E28}.Debug|x64.Build.0 = Debug|Any CPU
		{FF64E690-CC84-42AB-BD72-3A88B5B06E28}.Debug|x86.ActiveCfg = Debug|Any CPU
		{FF64E690-CC84-42AB-BD72-3A88B5B06E28}.Debug|x86.Build.0 = Debug|Any CPU
		{FF64E690-CC84-42AB-BD72-3A88B5B06E28}.Release|Any CPU.ActiveCfg = Release|Any CPU
		{FF64E690-CC84-42AB-BD72-3A88B5B06E28}.Release|Any CPU.Build.0 = Release|Any CPU
		{FF64E690-CC84-42AB-BD72-3A88B5B06E28}.Release|x64.ActiveCfg = Release|Any CPU
		{FF64E690-CC84-42AB-BD72-3A88B5B06E28}.Release|x64.Build.0 = Release|Any CPU
		{FF64E690-CC84-42AB-BD72-3A88B5B06E28}.Release|x86.ActiveCfg = Release|Any CPU
		{FF64E690-CC84-42AB-BD72-3A88B5B06E28}.Release|x86.Build.0 = Release|Any CPU
		{007CB475-64B7-42F5-BAEA-E1F42CC43C2B}.Debug|Any CPU.ActiveCfg = Debug|Any CPU
		{007CB475-64B7-42F5-BAEA-E1F42CC43C2B}.Debug|Any CPU.Build.0 = Debug|Any CPU
		{007CB475-64B7-42F5-BAEA-E1F42CC43C2B}.Debug|x64.ActiveCfg = Debug|Any CPU
		{007CB475-64B7-42F5-BAEA-E1F42CC43C2B}.Debug|x64.Build.0 = Debug|Any CPU
		{007CB475-64B7-42F5-BAEA-E1F42CC43C2B}.Debug|x86.ActiveCfg = Debug|Any CPU
		{007CB475-64B7-42F5-BAEA-E1F42CC43C2B}.Debug|x86.Build.0 = Debug|Any CPU
		{007CB475-64B7-42F5-BAEA-E1F42CC43C2B}.Release|Any CPU.ActiveCfg = Release|Any CPU
		{007CB475-64B7-42F5-BAEA-E1F42CC43C2B}.Release|Any CPU.Build.0 = Release|Any CPU
		{007CB475-64B7-42F5-BAEA-E1F42CC43C2B}.Release|x64.ActiveCfg = Release|Any CPU
		{007CB475-64B7-42F5-BAEA-E1F42CC43C2B}.Release|x64.Build.0 = Release|Any CPU
		{007CB475-64B7-42F5-BAEA-E1F42CC43C2B}.Release|x86.ActiveCfg = Release|Any CPU
		{007CB475-64B7-42F5-BAEA-E1F42CC43C2B}.Release|x86.Build.0 = Release|Any CPU
	EndGlobalSection
EndGlobal
